
Microsoft Visual Studio Solution File, Format Version 12.00
# Visual Studio 15
VisualStudioVersion = 15.0.28307.271
MinimumVisualStudioVersion = 10.0.40219.1
Project("{8BC9CEB8-8B4A-11D0-8D11-00A0C91BC942}") = "Array1", "Array1\Array1.vcxproj", "{BE21D835-51FF-4D8F-B72B-2082A08E1081}"
EndProject
Project("{8BC9CEB8-8B4A-11D0-8D11-00A0C91BC942}") = "Array2", "Array2\Array2.vcxproj", "{48D603F7-B0CD-4B7D-A6B3-4660BBAFED7A}"
EndProject
Project("{8BC9CEB8-8B4A-11D0-8D11-00A0C91BC942}") = "ArrayLoop", "ArrayLoop\ArrayLoop.vcxproj", "{50F3F891-98C6-4BF3-87F3-6CA62F946682}"
EndProject
Project("{8BC9CEB8-8B4A-11D0-8D11-00A0C91BC942}") = "SelectionSort", "SelectionSort\SelectionSort.vcxproj", "{3777CF1A-DF00-4616-A76E-C3BA89AB8A06}"
EndProject
Project("{8BC9CEB8-8B4A-11D0-8D11-00A0C91BC942}") = "MultiDimensionalArray", "MultiDimensionalArray\MultiDimensionalArray.vcxproj", "{A279220F-AC19-49BD-B025-A89FB317A8C5}"
EndProject
Project("{8BC9CEB8-8B4A-11D0-8D11-00A0C91BC942}") = "CStyleArrayChar", "CStyleArrayChar\CStyleArrayChar.vcxproj", "{832674BA-BB8A-4FA8-BDE6-1612F5D82FD4}"
EndProject
Global
	GlobalSection(SolutionConfigurationPlatforms) = preSolution
		Debug|x64 = Debug|x64
		Debug|x86 = Debug|x86
		Release|x64 = Release|x64
		Release|x86 = Release|x86
	EndGlobalSection
	GlobalSection(ProjectConfigurationPlatforms) = postSolution
		{BE21D835-51FF-4D8F-B72B-2082A08E1081}.Debug|x64.ActiveCfg = Debug|x64
		{BE21D835-51FF-4D8F-B72B-2082A08E1081}.Debug|x64.Build.0 = Debug|x64
		{BE21D835-51FF-4D8F-B72B-2082A08E1081}.Debug|x86.ActiveCfg = Debug|Win32
		{BE21D835-51FF-4D8F-B72B-2082A08E1081}.Debug|x86.Build.0 = Debug|Win32
		{BE21D835-51FF-4D8F-B72B-2082A08E1081}.Release|x64.ActiveCfg = Release|x64
		{BE21D835-51FF-4D8F-B72B-2082A08E1081}.Release|x64.Build.0 = Release|x64
		{BE21D835-51FF-4D8F-B72B-2082A08E1081}.Release|x86.ActiveCfg = Release|Win32
		{BE21D835-51FF-4D8F-B72B-2082A08E1081}.Release|x86.Build.0 = Release|Win32
		{48D603F7-B0CD-4B7D-A6B3-4660BBAFED7A}.Debug|x64.ActiveCfg = Debug|x64
		{48D603F7-B0CD-4B7D-A6B3-4660BBAFED7A}.Debug|x64.Build.0 = Debug|x64
		{48D603F7-B0CD-4B7D-A6B3-4660BBAFED7A}.Debug|x86.ActiveCfg = Debug|Win32
		{48D603F7-B0CD-4B7D-A6B3-4660BBAFED7A}.Debug|x86.Build.0 = Debug|Win32
		{48D603F7-B0CD-4B7D-A6B3-4660BBAFED7A}.Release|x64.ActiveCfg = Release|x64
		{48D603F7-B0CD-4B7D-A6B3-4660BBAFED7A}.Release|x64.Build.0 = Release|x64
		{48D603F7-B0CD-4B7D-A6B3-4660BBAFED7A}.Release|x86.ActiveCfg = Release|Win32
		{48D603F7-B0CD-4B7D-A6B3-4660BBAFED7A}.Release|x86.Build.0 = Release|Win32
		{50F3F891-98C6-4BF3-87F3-6CA62F946682}.Debug|x64.ActiveCfg = Debug|x64
		{50F3F891-98C6-4BF3-87F3-6CA62F946682}.Debug|x64.Build.0 = Debug|x64
		{50F3F891-98C6-4BF3-87F3-6CA62F946682}.Debug|x86.ActiveCfg = Debug|Win32
		{50F3F891-98C6-4BF3-87F3-6CA62F946682}.Debug|x86.Build.0 = Debug|Win32
		{50F3F891-98C6-4BF3-87F3-6CA62F946682}.Release|x64.ActiveCfg = Release|x64
		{50F3F891-98C6-4BF3-87F3-6CA62F946682}.Release|x64.Build.0 = Release|x64
		{50F3F891-98C6-4BF3-87F3-6CA62F946682}.Release|x86.ActiveCfg = Release|Win32
		{50F3F891-98C6-4BF3-87F3-6CA62F946682}.Release|x86.Build.0 = Release|Win32
		{3777CF1A-DF00-4616-A76E-C3BA89AB8A06}.Debug|x64.ActiveCfg = Debug|x64
		{3777CF1A-DF00-4616-A76E-C3BA89AB8A06}.Debug|x64.Build.0 = Debug|x64
		{3777CF1A-DF00-4616-A76E-C3BA89AB8A06}.Debug|x86.ActiveCfg = Debug|Win32
		{3777CF1A-DF00-4616-A76E-C3BA89AB8A06}.Debug|x86.Build.0 = Debug|Win32
		{3777CF1A-DF00-4616-A76E-C3BA89AB8A06}.Release|x64.ActiveCfg = Release|x64
		{3777CF1A-DF00-4616-A76E-C3BA89AB8A06}.Release|x64.Build.0 = Release|x64
		{3777CF1A-DF00-4616-A76E-C3BA89AB8A06}.Release|x86.ActiveCfg = Release|Win32
		{3777CF1A-DF00-4616-A76E-C3BA89AB8A06}.Release|x86.Build.0 = Release|Win32
		{A279220F-AC19-49BD-B025-A89FB317A8C5}.Debug|x64.ActiveCfg = Debug|x64
		{A279220F-AC19-49BD-B025-A89FB317A8C5}.Debug|x64.Build.0 = Debug|x64
		{A279220F-AC19-49BD-B025-A89FB317A8C5}.Debug|x86.ActiveCfg = Debug|Win32
		{A279220F-AC19-49BD-B025-A89FB317A8C5}.Debug|x86.Build.0 = Debug|Win32
		{A279220F-AC19-49BD-B025-A89FB317A8C5}.Release|x64.ActiveCfg = Release|x64
		{A279220F-AC19-49BD-B025-A89FB317A8C5}.Release|x64.Build.0 = Release|x64
		{A279220F-AC19-49BD-B025-A89FB317A8C5}.Release|x86.ActiveCfg = Release|Win32
		{A279220F-AC19-49BD-B025-A89FB317A8C5}.Release|x86.Build.0 = Release|Win32
		{832674BA-BB8A-4FA8-BDE6-1612F5D82FD4}.Debug|x64.ActiveCfg = Debug|x64
		{832674BA-BB8A-4FA8-BDE6-1612F5D82FD4}.Debug|x64.Build.0 = Debug|x64
		{832674BA-BB8A-4FA8-BDE6-1612F5D82FD4}.Debug|x86.ActiveCfg = Debug|Win32
		{832674BA-BB8A-4FA8-BDE6-1612F5D82FD4}.Debug|x86.Build.0 = Debug|Win32
		{832674BA-BB8A-4FA8-BDE6-1612F5D82FD4}.Release|x64.ActiveCfg = Release|x64
		{832674BA-BB8A-4FA8-BDE6-1612F5D82FD4}.Release|x64.Build.0 = Release|x64
		{832674BA-BB8A-4FA8-BDE6-1612F5D82FD4}.Release|x86.ActiveCfg = Release|Win32
		{832674BA-BB8A-4FA8-BDE6-1612F5D82FD4}.Release|x86.Build.0 = Release|Win32
	EndGlobalSection
	GlobalSection(SolutionProperties) = preSolution
		HideSolutionNode = FALSE
	EndGlobalSection
	GlobalSection(ExtensibilityGlobals) = postSolution
		SolutionGuid = {01A20CC4-AB27-43A5-8C2E-EE0C994DB970}
	EndGlobalSection
EndGlobal
