
Microsoft Visual Studio Solution File, Format Version 12.00
# Visual Studio 15
VisualStudioVersion = 15.0.28307.168
MinimumVisualStudioVersion = 10.0.40219.1
Project("{8BC9CEB8-8B4A-11D0-8D11-00A0C91BC942}") = "OperatorRules", "OperatorRules\OperatorRules.vcxproj", "{5A919DDD-375F-4994-B3C5-9D1E7CE369F9}"
EndProject
Project("{8BC9CEB8-8B4A-11D0-8D11-00A0C91BC942}") = "ArithmeticOper", "ArithmeticOper\ArithmeticOper.vcxproj", "{EFA2E535-9ED7-43F9-9581-3AD7552DF94E}"
EndProject
Project("{8BC9CEB8-8B4A-11D0-8D11-00A0C91BC942}") = "IncDecOper", "IncDecOper\IncDecOper.vcxproj", "{47181E44-B595-4937-BFE7-B9693942D7E2}"
EndProject
Project("{8BC9CEB8-8B4A-11D0-8D11-00A0C91BC942}") = "SizeofCommaConditional", "SizeofCommaConditional\SizeofCommaConditional.vcxproj", "{AA51EBD2-21EA-4CEB-8807-BF48F6BCF67B}"
EndProject
Project("{8BC9CEB8-8B4A-11D0-8D11-00A0C91BC942}") = "RelationalOperator", "RelationalOperator\RelationalOperator.vcxproj", "{7C5B5815-039E-4658-9426-F2AB21FDFDDE}"
EndProject
Project("{8BC9CEB8-8B4A-11D0-8D11-00A0C91BC942}") = "LogicalOperator", "LogicalOperator\LogicalOperator.vcxproj", "{D3295D26-39BD-4C61-B769-7DD9D4BFF41A}"
EndProject
Project("{8BC9CEB8-8B4A-11D0-8D11-00A0C91BC942}") = "BinaryNumbers", "BinaryNumbers\BinaryNumbers.vcxproj", "{8EDD5A04-273D-420C-A57D-B4337F3B8B49}"
EndProject
Global
	GlobalSection(SolutionConfigurationPlatforms) = preSolution
		Debug|x64 = Debug|x64
		Debug|x86 = Debug|x86
		Release|x64 = Release|x64
		Release|x86 = Release|x86
	EndGlobalSection
	GlobalSection(ProjectConfigurationPlatforms) = postSolution
		{5A919DDD-375F-4994-B3C5-9D1E7CE369F9}.Debug|x64.ActiveCfg = Debug|x64
		{5A919DDD-375F-4994-B3C5-9D1E7CE369F9}.Debug|x64.Build.0 = Debug|x64
		{5A919DDD-375F-4994-B3C5-9D1E7CE369F9}.Debug|x86.ActiveCfg = Debug|Win32
		{5A919DDD-375F-4994-B3C5-9D1E7CE369F9}.Debug|x86.Build.0 = Debug|Win32
		{5A919DDD-375F-4994-B3C5-9D1E7CE369F9}.Release|x64.ActiveCfg = Release|x64
		{5A919DDD-375F-4994-B3C5-9D1E7CE369F9}.Release|x64.Build.0 = Release|x64
		{5A919DDD-375F-4994-B3C5-9D1E7CE369F9}.Release|x86.ActiveCfg = Release|Win32
		{5A919DDD-375F-4994-B3C5-9D1E7CE369F9}.Release|x86.Build.0 = Release|Win32
		{EFA2E535-9ED7-43F9-9581-3AD7552DF94E}.Debug|x64.ActiveCfg = Debug|x64
		{EFA2E535-9ED7-43F9-9581-3AD7552DF94E}.Debug|x64.Build.0 = Debug|x64
		{EFA2E535-9ED7-43F9-9581-3AD7552DF94E}.Debug|x86.ActiveCfg = Debug|Win32
		{EFA2E535-9ED7-43F9-9581-3AD7552DF94E}.Debug|x86.Build.0 = Debug|Win32
		{EFA2E535-9ED7-43F9-9581-3AD7552DF94E}.Release|x64.ActiveCfg = Release|x64
		{EFA2E535-9ED7-43F9-9581-3AD7552DF94E}.Release|x64.Build.0 = Release|x64
		{EFA2E535-9ED7-43F9-9581-3AD7552DF94E}.Release|x86.ActiveCfg = Release|Win32
		{EFA2E535-9ED7-43F9-9581-3AD7552DF94E}.Release|x86.Build.0 = Release|Win32
		{47181E44-B595-4937-BFE7-B9693942D7E2}.Debug|x64.ActiveCfg = Debug|x64
		{47181E44-B595-4937-BFE7-B9693942D7E2}.Debug|x64.Build.0 = Debug|x64
		{47181E44-B595-4937-BFE7-B9693942D7E2}.Debug|x86.ActiveCfg = Debug|Win32
		{47181E44-B595-4937-BFE7-B9693942D7E2}.Debug|x86.Build.0 = Debug|Win32
		{47181E44-B595-4937-BFE7-B9693942D7E2}.Release|x64.ActiveCfg = Release|x64
		{47181E44-B595-4937-BFE7-B9693942D7E2}.Release|x64.Build.0 = Release|x64
		{47181E44-B595-4937-BFE7-B9693942D7E2}.Release|x86.ActiveCfg = Release|Win32
		{47181E44-B595-4937-BFE7-B9693942D7E2}.Release|x86.Build.0 = Release|Win32
		{AA51EBD2-21EA-4CEB-8807-BF48F6BCF67B}.Debug|x64.ActiveCfg = Debug|x64
		{AA51EBD2-21EA-4CEB-8807-BF48F6BCF67B}.Debug|x64.Build.0 = Debug|x64
		{AA51EBD2-21EA-4CEB-8807-BF48F6BCF67B}.Debug|x86.ActiveCfg = Debug|Win32
		{AA51EBD2-21EA-4CEB-8807-BF48F6BCF67B}.Debug|x86.Build.0 = Debug|Win32
		{AA51EBD2-21EA-4CEB-8807-BF48F6BCF67B}.Release|x64.ActiveCfg = Release|x64
		{AA51EBD2-21EA-4CEB-8807-BF48F6BCF67B}.Release|x64.Build.0 = Release|x64
		{AA51EBD2-21EA-4CEB-8807-BF48F6BCF67B}.Release|x86.ActiveCfg = Release|Win32
		{AA51EBD2-21EA-4CEB-8807-BF48F6BCF67B}.Release|x86.Build.0 = Release|Win32
		{7C5B5815-039E-4658-9426-F2AB21FDFDDE}.Debug|x64.ActiveCfg = Debug|x64
		{7C5B5815-039E-4658-9426-F2AB21FDFDDE}.Debug|x64.Build.0 = Debug|x64
		{7C5B5815-039E-4658-9426-F2AB21FDFDDE}.Debug|x86.ActiveCfg = Debug|Win32
		{7C5B5815-039E-4658-9426-F2AB21FDFDDE}.Debug|x86.Build.0 = Debug|Win32
		{7C5B5815-039E-4658-9426-F2AB21FDFDDE}.Release|x64.ActiveCfg = Release|x64
		{7C5B5815-039E-4658-9426-F2AB21FDFDDE}.Release|x64.Build.0 = Release|x64
		{7C5B5815-039E-4658-9426-F2AB21FDFDDE}.Release|x86.ActiveCfg = Release|Win32
		{7C5B5815-039E-4658-9426-F2AB21FDFDDE}.Release|x86.Build.0 = Release|Win32
		{D3295D26-39BD-4C61-B769-7DD9D4BFF41A}.Debug|x64.ActiveCfg = Debug|x64
		{D3295D26-39BD-4C61-B769-7DD9D4BFF41A}.Debug|x64.Build.0 = Debug|x64
		{D3295D26-39BD-4C61-B769-7DD9D4BFF41A}.Debug|x86.ActiveCfg = Debug|Win32
		{D3295D26-39BD-4C61-B769-7DD9D4BFF41A}.Debug|x86.Build.0 = Debug|Win32
		{D3295D26-39BD-4C61-B769-7DD9D4BFF41A}.Release|x64.ActiveCfg = Release|x64
		{D3295D26-39BD-4C61-B769-7DD9D4BFF41A}.Release|x64.Build.0 = Release|x64
		{D3295D26-39BD-4C61-B769-7DD9D4BFF41A}.Release|x86.ActiveCfg = Release|Win32
		{D3295D26-39BD-4C61-B769-7DD9D4BFF41A}.Release|x86.Build.0 = Release|Win32
		{8EDD5A04-273D-420C-A57D-B4337F3B8B49}.Debug|x64.ActiveCfg = Debug|x64
		{8EDD5A04-273D-420C-A57D-B4337F3B8B49}.Debug|x64.Build.0 = Debug|x64
		{8EDD5A04-273D-420C-A57D-B4337F3B8B49}.Debug|x86.ActiveCfg = Debug|Win32
		{8EDD5A04-273D-420C-A57D-B4337F3B8B49}.Debug|x86.Build.0 = Debug|Win32
		{8EDD5A04-273D-420C-A57D-B4337F3B8B49}.Release|x64.ActiveCfg = Release|x64
		{8EDD5A04-273D-420C-A57D-B4337F3B8B49}.Release|x64.Build.0 = Release|x64
		{8EDD5A04-273D-420C-A57D-B4337F3B8B49}.Release|x86.ActiveCfg = Release|Win32
		{8EDD5A04-273D-420C-A57D-B4337F3B8B49}.Release|x86.Build.0 = Release|Win32
	EndGlobalSection
	GlobalSection(SolutionProperties) = preSolution
		HideSolutionNode = FALSE
	EndGlobalSection
	GlobalSection(ExtensibilityGlobals) = postSolution
		SolutionGuid = {3A850B6A-6591-4842-8BB0-5869AB9D69A4}
	EndGlobalSection
EndGlobal
