
Microsoft Visual Studio Solution File, Format Version 12.00
# Visual Studio 15
VisualStudioVersion = 15.0.28307.271
MinimumVisualStudioVersion = 10.0.40219.1
Project("{8BC9CEB8-8B4A-11D0-8D11-00A0C91BC942}") = "LocalVariableScopeDuration", "LocalVariableScopeDuration\LocalVariableScopeDuration.vcxproj", "{E4422D29-2DFF-4AA8-B275-F51D1BE2271F}"
EndProject
Project("{8BC9CEB8-8B4A-11D0-8D11-00A0C91BC942}") = "GlobalStaticVariableInterExterLinkage", "GlobalStaticVariableInterExterLinkage\GlobalStaticVariableInterExterLinkage.vcxproj", "{6B8D4713-BD30-41D2-9BE9-F5DE865E568B}"
EndProject
Project("{8BC9CEB8-8B4A-11D0-8D11-00A0C91BC942}") = "UsingAndAmbiguity", "UsingAndAmbiguity\UsingAndAmbiguity.vcxproj", "{9605EE07-AD75-4AED-B29F-F9FB312A1F05}"
EndProject
Global
	GlobalSection(SolutionConfigurationPlatforms) = preSolution
		Debug|x64 = Debug|x64
		Debug|x86 = Debug|x86
		Release|x64 = Release|x64
		Release|x86 = Release|x86
	EndGlobalSection
	GlobalSection(ProjectConfigurationPlatforms) = postSolution
		{E4422D29-2DFF-4AA8-B275-F51D1BE2271F}.Debug|x64.ActiveCfg = Debug|x64
		{E4422D29-2DFF-4AA8-B275-F51D1BE2271F}.Debug|x64.Build.0 = Debug|x64
		{E4422D29-2DFF-4AA8-B275-F51D1BE2271F}.Debug|x86.ActiveCfg = Debug|Win32
		{E4422D29-2DFF-4AA8-B275-F51D1BE2271F}.Debug|x86.Build.0 = Debug|Win32
		{E4422D29-2DFF-4AA8-B275-F51D1BE2271F}.Release|x64.ActiveCfg = Release|x64
		{E4422D29-2DFF-4AA8-B275-F51D1BE2271F}.Release|x64.Build.0 = Release|x64
		{E4422D29-2DFF-4AA8-B275-F51D1BE2271F}.Release|x86.ActiveCfg = Release|Win32
		{E4422D29-2DFF-4AA8-B275-F51D1BE2271F}.Release|x86.Build.0 = Release|Win32
		{6B8D4713-BD30-41D2-9BE9-F5DE865E568B}.Debug|x64.ActiveCfg = Debug|x64
		{6B8D4713-BD30-41D2-9BE9-F5DE865E568B}.Debug|x64.Build.0 = Debug|x64
		{6B8D4713-BD30-41D2-9BE9-F5DE865E568B}.Debug|x86.ActiveCfg = Debug|Win32
		{6B8D4713-BD30-41D2-9BE9-F5DE865E568B}.Debug|x86.Build.0 = Debug|Win32
		{6B8D4713-BD30-41D2-9BE9-F5DE865E568B}.Release|x64.ActiveCfg = Release|x64
		{6B8D4713-BD30-41D2-9BE9-F5DE865E568B}.Release|x64.Build.0 = Release|x64
		{6B8D4713-BD30-41D2-9BE9-F5DE865E568B}.Release|x86.ActiveCfg = Release|Win32
		{6B8D4713-BD30-41D2-9BE9-F5DE865E568B}.Release|x86.Build.0 = Release|Win32
		{9605EE07-AD75-4AED-B29F-F9FB312A1F05}.Debug|x64.ActiveCfg = Debug|x64
		{9605EE07-AD75-4AED-B29F-F9FB312A1F05}.Debug|x64.Build.0 = Debug|x64
		{9605EE07-AD75-4AED-B29F-F9FB312A1F05}.Debug|x86.ActiveCfg = Debug|Win32
		{9605EE07-AD75-4AED-B29F-F9FB312A1F05}.Debug|x86.Build.0 = Debug|Win32
		{9605EE07-AD75-4AED-B29F-F9FB312A1F05}.Release|x64.ActiveCfg = Release|x64
		{9605EE07-AD75-4AED-B29F-F9FB312A1F05}.Release|x64.Build.0 = Release|x64
		{9605EE07-AD75-4AED-B29F-F9FB312A1F05}.Release|x86.ActiveCfg = Release|Win32
		{9605EE07-AD75-4AED-B29F-F9FB312A1F05}.Release|x86.Build.0 = Release|Win32
	EndGlobalSection
	GlobalSection(SolutionProperties) = preSolution
		HideSolutionNode = FALSE
	EndGlobalSection
	GlobalSection(ExtensibilityGlobals) = postSolution
		SolutionGuid = {411EB406-F729-40A0-8748-8547D5AD7FEE}
	EndGlobalSection
EndGlobal
