
Microsoft Visual Studio Solution File, Format Version 12.00
# Visual Studio 15
VisualStudioVersion = 15.0.28307.168
MinimumVisualStudioVersion = 10.0.40219.1
Project("{8BC9CEB8-8B4A-11D0-8D11-00A0C91BC942}") = "IntroduceDatatype", "IntroduceDatatype\IntroduceDatatype.vcxproj", "{7A8884A2-0E3A-41E2-A98F-50574E31BE93}"
EndProject
Project("{8BC9CEB8-8B4A-11D0-8D11-00A0C91BC942}") = "Integers", "Integers\Integers.vcxproj", "{C03185C8-540A-4D50-A233-05EF66EAD957}"
EndProject
Project("{8BC9CEB8-8B4A-11D0-8D11-00A0C91BC942}") = "Fixed-width_Integer_CPP11", "Fixed-width_Integer_CPP11\Fixed-width_Integer_CPP11.vcxproj", "{0493DD19-CA24-4FAE-B7E7-BAE822EDB348}"
EndProject
Project("{8BC9CEB8-8B4A-11D0-8D11-00A0C91BC942}") = "VoidType", "VoidType\VoidType.vcxproj", "{58BBFB86-3FE7-468A-953D-5894FB143486}"
EndProject
Project("{8BC9CEB8-8B4A-11D0-8D11-00A0C91BC942}") = "FloatingPoint", "FloatingPoint\FloatingPoint.vcxproj", "{A6E7AF26-BB55-404F-A97B-6D56C9AC31DF}"
EndProject
Global
	GlobalSection(SolutionConfigurationPlatforms) = preSolution
		Debug|x64 = Debug|x64
		Debug|x86 = Debug|x86
		Release|x64 = Release|x64
		Release|x86 = Release|x86
	EndGlobalSection
	GlobalSection(ProjectConfigurationPlatforms) = postSolution
		{7A8884A2-0E3A-41E2-A98F-50574E31BE93}.Debug|x64.ActiveCfg = Debug|x64
		{7A8884A2-0E3A-41E2-A98F-50574E31BE93}.Debug|x64.Build.0 = Debug|x64
		{7A8884A2-0E3A-41E2-A98F-50574E31BE93}.Debug|x86.ActiveCfg = Debug|Win32
		{7A8884A2-0E3A-41E2-A98F-50574E31BE93}.Debug|x86.Build.0 = Debug|Win32
		{7A8884A2-0E3A-41E2-A98F-50574E31BE93}.Release|x64.ActiveCfg = Release|x64
		{7A8884A2-0E3A-41E2-A98F-50574E31BE93}.Release|x64.Build.0 = Release|x64
		{7A8884A2-0E3A-41E2-A98F-50574E31BE93}.Release|x86.ActiveCfg = Release|Win32
		{7A8884A2-0E3A-41E2-A98F-50574E31BE93}.Release|x86.Build.0 = Release|Win32
		{C03185C8-540A-4D50-A233-05EF66EAD957}.Debug|x64.ActiveCfg = Debug|x64
		{C03185C8-540A-4D50-A233-05EF66EAD957}.Debug|x64.Build.0 = Debug|x64
		{C03185C8-540A-4D50-A233-05EF66EAD957}.Debug|x86.ActiveCfg = Debug|Win32
		{C03185C8-540A-4D50-A233-05EF66EAD957}.Debug|x86.Build.0 = Debug|Win32
		{C03185C8-540A-4D50-A233-05EF66EAD957}.Release|x64.ActiveCfg = Release|x64
		{C03185C8-540A-4D50-A233-05EF66EAD957}.Release|x64.Build.0 = Release|x64
		{C03185C8-540A-4D50-A233-05EF66EAD957}.Release|x86.ActiveCfg = Release|Win32
		{C03185C8-540A-4D50-A233-05EF66EAD957}.Release|x86.Build.0 = Release|Win32
		{0493DD19-CA24-4FAE-B7E7-BAE822EDB348}.Debug|x64.ActiveCfg = Debug|x64
		{0493DD19-CA24-4FAE-B7E7-BAE822EDB348}.Debug|x64.Build.0 = Debug|x64
		{0493DD19-CA24-4FAE-B7E7-BAE822EDB348}.Debug|x86.ActiveCfg = Debug|Win32
		{0493DD19-CA24-4FAE-B7E7-BAE822EDB348}.Debug|x86.Build.0 = Debug|Win32
		{0493DD19-CA24-4FAE-B7E7-BAE822EDB348}.Release|x64.ActiveCfg = Release|x64
		{0493DD19-CA24-4FAE-B7E7-BAE822EDB348}.Release|x64.Build.0 = Release|x64
		{0493DD19-CA24-4FAE-B7E7-BAE822EDB348}.Release|x86.ActiveCfg = Release|Win32
		{0493DD19-CA24-4FAE-B7E7-BAE822EDB348}.Release|x86.Build.0 = Release|Win32
		{58BBFB86-3FE7-468A-953D-5894FB143486}.Debug|x64.ActiveCfg = Debug|x64
		{58BBFB86-3FE7-468A-953D-5894FB143486}.Debug|x64.Build.0 = Debug|x64
		{58BBFB86-3FE7-468A-953D-5894FB143486}.Debug|x86.ActiveCfg = Debug|Win32
		{58BBFB86-3FE7-468A-953D-5894FB143486}.Debug|x86.Build.0 = Debug|Win32
		{58BBFB86-3FE7-468A-953D-5894FB143486}.Release|x64.ActiveCfg = Release|x64
		{58BBFB86-3FE7-468A-953D-5894FB143486}.Release|x64.Build.0 = Release|x64
		{58BBFB86-3FE7-468A-953D-5894FB143486}.Release|x86.ActiveCfg = Release|Win32
		{58BBFB86-3FE7-468A-953D-5894FB143486}.Release|x86.Build.0 = Release|Win32
		{A6E7AF26-BB55-404F-A97B-6D56C9AC31DF}.Debug|x64.ActiveCfg = Debug|x64
		{A6E7AF26-BB55-404F-A97B-6D56C9AC31DF}.Debug|x64.Build.0 = Debug|x64
		{A6E7AF26-BB55-404F-A97B-6D56C9AC31DF}.Debug|x86.ActiveCfg = Debug|Win32
		{A6E7AF26-BB55-404F-A97B-6D56C9AC31DF}.Debug|x86.Build.0 = Debug|Win32
		{A6E7AF26-BB55-404F-A97B-6D56C9AC31DF}.Release|x64.ActiveCfg = Release|x64
		{A6E7AF26-BB55-404F-A97B-6D56C9AC31DF}.Release|x64.Build.0 = Release|x64
		{A6E7AF26-BB55-404F-A97B-6D56C9AC31DF}.Release|x86.ActiveCfg = Release|Win32
		{A6E7AF26-BB55-404F-A97B-6D56C9AC31DF}.Release|x86.Build.0 = Release|Win32
	EndGlobalSection
	GlobalSection(SolutionProperties) = preSolution
		HideSolutionNode = FALSE
	EndGlobalSection
	GlobalSection(ExtensibilityGlobals) = postSolution
		SolutionGuid = {915DD541-BB54-48D1-AFD3-F5A67D37DF29}
	EndGlobalSection
EndGlobal
